
Microsoft Visual Studio Solution File, Format Version 11.00
# Visual Studio 2010
Project("{2150E333-8FDC-42A3-9474-1A3956D46DE8}") = "Solution Items", "Solution Items", "{1E85EF51-696C-4865-AE79-E394CDBE8606}"
	ProjectSection(SolutionItems) = preProject
		Local.testsettings = Local.testsettings
		demos\MI\Merthin.cmd = demos\MI\Merthin.cmd
		demos\MIDEV\Merthin.cmd = demos\MIDEV\Merthin.cmd
		Merthin.vsmdi = Merthin.vsmdi
		demos\MI\mi.fsx = demos\MI\mi.fsx
		demos\MIDEV\midev.fsx = demos\MIDEV\midev.fsx
		README = README
		TraceAndTestImpact.testsettings = TraceAndTestImpact.testsettings
	EndProjectSection
EndProject
Project("{FAE04EC0-301F-11D3-BF4B-00C04F79EFBC}") = "Merthin.FSharp.Tests", "tests\Merthin.FSharp.Tests\Merthin.FSharp.Tests.csproj", "{A46432C7-CB52-4C95-BC16-FC60B5200373}"
EndProject
Project("{FAE04EC0-301F-11D3-BF4B-00C04F79EFBC}") = "Merthin.Math.Algebra.Matrix.Tests", "tests\Merthin.Math.Algebra.Matrix.Tests\Merthin.Math.Algebra.Matrix.Tests.csproj", "{0FD4CB7A-D5CE-4E18-9897-A89A3A05AF63}"
EndProject
Project("{F2A71F9B-5D33-465A-A702-920D77279786}") = "Merthin.Extensions", "src\Merthin.Extensions\Merthin.Extensions.fsproj", "{D514139B-A413-4A7C-ACBD-41D2F801C610}"
EndProject
Project("{F2A71F9B-5D33-465A-A702-920D77279786}") = "Merthin.Interactive", "src\Merthin.Interactive\Merthin.Interactive.fsproj", "{A9ACD6BA-C95E-47EF-B853-E979CF3F46FC}"
EndProject
Project("{F2A71F9B-5D33-465A-A702-920D77279786}") = "Merthin.Math.Algebra.Matrix", "src\Merthin.Math.Algebra.Matrix\Merthin.Math.Algebra.Matrix.fsproj", "{E852C82D-5E98-40C6-BE5C-0C678BC33370}"
EndProject
Project("{F2A71F9B-5D33-465A-A702-920D77279786}") = "Methin.Math.Algebra.Interpolation", "src\Methin.Math.Algebra.Interpolation\Methin.Math.Algebra.Interpolation.fsproj", "{2388F4BF-A931-40FB-8356-EAA5690745A9}"
EndProject
Project("{F2A71F9B-5D33-465A-A702-920D77279786}") = "Merthin.FSharp", "src\Merthin.FSharp\Merthin.FSharp.fsproj", "{9A8D60C0-722A-4556-A777-E31DDD53FDA8}"
EndProject
Global
	GlobalSection(TestCaseManagementSettings) = postSolution
		CategoryFile = Merthin.vsmdi
	EndGlobalSection
	GlobalSection(SolutionConfigurationPlatforms) = preSolution
		Debug|Any CPU = Debug|Any CPU
		Release|Any CPU = Release|Any CPU
	EndGlobalSection
	GlobalSection(ProjectConfigurationPlatforms) = postSolution
		{A46432C7-CB52-4C95-BC16-FC60B5200373}.Debug|Any CPU.ActiveCfg = Debug|Any CPU
		{A46432C7-CB52-4C95-BC16-FC60B5200373}.Debug|Any CPU.Build.0 = Debug|Any CPU
		{A46432C7-CB52-4C95-BC16-FC60B5200373}.Release|Any CPU.ActiveCfg = Release|Any CPU
		{A46432C7-CB52-4C95-BC16-FC60B5200373}.Release|Any CPU.Build.0 = Release|Any CPU
		{0FD4CB7A-D5CE-4E18-9897-A89A3A05AF63}.Debug|Any CPU.ActiveCfg = Debug|Any CPU
		{0FD4CB7A-D5CE-4E18-9897-A89A3A05AF63}.Debug|Any CPU.Build.0 = Debug|Any CPU
		{0FD4CB7A-D5CE-4E18-9897-A89A3A05AF63}.Release|Any CPU.ActiveCfg = Release|Any CPU
		{0FD4CB7A-D5CE-4E18-9897-A89A3A05AF63}.Release|Any CPU.Build.0 = Release|Any CPU
		{D514139B-A413-4A7C-ACBD-41D2F801C610}.Debug|Any CPU.ActiveCfg = Debug|Any CPU
		{D514139B-A413-4A7C-ACBD-41D2F801C610}.Debug|Any CPU.Build.0 = Debug|Any CPU
		{D514139B-A413-4A7C-ACBD-41D2F801C610}.Release|Any CPU.ActiveCfg = Release|Any CPU
		{D514139B-A413-4A7C-ACBD-41D2F801C610}.Release|Any CPU.Build.0 = Release|Any CPU
		{A9ACD6BA-C95E-47EF-B853-E979CF3F46FC}.Debug|Any CPU.ActiveCfg = Debug|Any CPU
		{A9ACD6BA-C95E-47EF-B853-E979CF3F46FC}.Debug|Any CPU.Build.0 = Debug|Any CPU
		{A9ACD6BA-C95E-47EF-B853-E979CF3F46FC}.Release|Any CPU.ActiveCfg = Release|Any CPU
		{A9ACD6BA-C95E-47EF-B853-E979CF3F46FC}.Release|Any CPU.Build.0 = Release|Any CPU
		{E852C82D-5E98-40C6-BE5C-0C678BC33370}.Debug|Any CPU.ActiveCfg = Debug|Any CPU
		{E852C82D-5E98-40C6-BE5C-0C678BC33370}.Debug|Any CPU.Build.0 = Debug|Any CPU
		{E852C82D-5E98-40C6-BE5C-0C678BC33370}.Release|Any CPU.ActiveCfg = Release|Any CPU
		{E852C82D-5E98-40C6-BE5C-0C678BC33370}.Release|Any CPU.Build.0 = Release|Any CPU
		{2388F4BF-A931-40FB-8356-EAA5690745A9}.Debug|Any CPU.ActiveCfg = Debug|Any CPU
		{2388F4BF-A931-40FB-8356-EAA5690745A9}.Debug|Any CPU.Build.0 = Debug|Any CPU
		{2388F4BF-A931-40FB-8356-EAA5690745A9}.Release|Any CPU.ActiveCfg = Release|Any CPU
		{2388F4BF-A931-40FB-8356-EAA5690745A9}.Release|Any CPU.Build.0 = Release|Any CPU
		{9A8D60C0-722A-4556-A777-E31DDD53FDA8}.Debug|Any CPU.ActiveCfg = Debug|Any CPU
		{9A8D60C0-722A-4556-A777-E31DDD53FDA8}.Debug|Any CPU.Build.0 = Debug|Any CPU
		{9A8D60C0-722A-4556-A777-E31DDD53FDA8}.Release|Any CPU.ActiveCfg = Release|Any CPU
		{9A8D60C0-722A-4556-A777-E31DDD53FDA8}.Release|Any CPU.Build.0 = Release|Any CPU
	EndGlobalSection
	GlobalSection(SolutionProperties) = preSolution
		HideSolutionNode = FALSE
	EndGlobalSection
EndGlobal
